// !$*UTF8*$!
{
	archiveVersion = 1;
	classes = {
	};
	objectVersion = 48;
	objects = {

/* Begin PBXBuildFile section */
		4028C0EA202156EA00678ED7 /* AppDelegate.m in Sources */ = {isa = PBXBuildFile; fileRef = 4028C0E9202156EA00678ED7 /* AppDelegate.m */; };
		4028C0ED202156EA00678ED7 /* ViewController.m in Sources */ = {isa = PBXBuildFile; fileRef = 4028C0EC202156EA00678ED7 /* ViewController.m */; };
		4028C0F2202156EA00678ED7 /* Assets.xcassets in Resources */ = {isa = PBXBuildFile; fileRef = 4028C0F1202156EA00678ED7 /* Assets.xcassets */; };
		4028C0F8202156EA00678ED7 /* main.m in Sources */ = {isa = PBXBuildFile; fileRef = 4028C0F7202156EA00678ED7 /* main.m */; };
		4028C102202156EB00678ED7 /* TestCommenTests.m in Sources */ = {isa = PBXBuildFile; fileRef = 4028C101202156EB00678ED7 /* TestCommenTests.m */; };
		4028C10D202156EB00678ED7 /* TestCommenUITests.m in Sources */ = {isa = PBXBuildFile; fileRef = 4028C10C202156EB00678ED7 /* TestCommenUITests.m */; };
		4028C13220215C7700678ED7 /* SDCycleScrollView.m in Sources */ = {isa = PBXBuildFile; fileRef = 4028C1242021593B00678ED7 /* SDCycleScrollView.m */; };
		4028C15620215E1900678ED7 /* ImageIO.framework in Frameworks */ = {isa = PBXBuildFile; fileRef = 4028C15520215E1900678ED7 /* ImageIO.framework */; };
		4028C15820215E1F00678ED7 /* MapKit.framework in Frameworks */ = {isa = PBXBuildFile; fileRef = 4028C15720215E1F00678ED7 /* MapKit.framework */; };
		4028C15920215E7C00678ED7 /* SDWebImageManager.m in Sources */ = {isa = PBXBuildFile; fileRef = 4028C13920215CD500678ED7 /* SDWebImageManager.m */; };
		4028C15A20215E9E00678ED7 /* TAPageControl.m in Sources */ = {isa = PBXBuildFile; fileRef = 4028C12A2021593B00678ED7 /* TAPageControl.m */; };
		4028C15B20215ED700678ED7 /* SDWebImageDecoder.m in Sources */ = {isa = PBXBuildFile; fileRef = 4028C13A20215CD500678ED7 /* SDWebImageDecoder.m */; };
		4028C15C20215ED700678ED7 /* UIImageView+HighlightedWebCache.m in Sources */ = {isa = PBXBuildFile; fileRef = 4028C13C20215CD500678ED7 /* UIImageView+HighlightedWebCache.m */; };
		4028C15D20215ED700678ED7 /* SDWebImageDownloader.m in Sources */ = {isa = PBXBuildFile; fileRef = 4028C13E20215CD500678ED7 /* SDWebImageDownloader.m */; };
		4028C15E20215ED700678ED7 /* UIImage+MultiFormat.m in Sources */ = {isa = PBXBuildFile; fileRef = 4028C14120215CD500678ED7 /* UIImage+MultiFormat.m */; };
		4028C15F20215ED700678ED7 /* SDWebImageCompat.m in Sources */ = {isa = PBXBuildFile; fileRef = 4028C14220215CD500678ED7 /* SDWebImageCompat.m */; };
		4028C16020215ED700678ED7 /* SDWebImagePrefetcher.m in Sources */ = {isa = PBXBuildFile; fileRef = 4028C14320215CD500678ED7 /* SDWebImagePrefetcher.m */; };
		4028C16120215ED700678ED7 /* SDImageCache.m in Sources */ = {isa = PBXBuildFile; fileRef = 4028C14520215CD500678ED7 /* SDImageCache.m */; };
		4028C16220215ED700678ED7 /* SDWebImageDownloaderOperation.m in Sources */ = {isa = PBXBuildFile; fileRef = 4028C14720215CD500678ED7 /* SDWebImageDownloaderOperation.m */; };
		4028C16320215ED700678ED7 /* NSData+ImageContentType.m in Sources */ = {isa = PBXBuildFile; fileRef = 4028C14A20215CD500678ED7 /* NSData+ImageContentType.m */; };
		4028C16420215ED700678ED7 /* UIImageView+WebCache.m in Sources */ = {isa = PBXBuildFile; fileRef = 4028C14B20215CD500678ED7 /* UIImageView+WebCache.m */; };
		4028C16520215ED700678ED7 /* UIView+WebCacheOperation.m in Sources */ = {isa = PBXBuildFile; fileRef = 4028C14E20215CD500678ED7 /* UIView+WebCacheOperation.m */; };
		4028C16620215ED700678ED7 /* UIButton+WebCache.m in Sources */ = {isa = PBXBuildFile; fileRef = 4028C15220215CD500678ED7 /* UIButton+WebCache.m */; };
		4028C16720215ED700678ED7 /* UIView+SDExtension.m in Sources */ = {isa = PBXBuildFile; fileRef = 4028C1252021593B00678ED7 /* UIView+SDExtension.m */; };
		4028C16820215ED700678ED7 /* SDCollectionViewCell.m in Sources */ = {isa = PBXBuildFile; fileRef = 4028C1262021593B00678ED7 /* SDCollectionViewCell.m */; };
		4028C16920215ED700678ED7 /* TADotView.m in Sources */ = {isa = PBXBuildFile; fileRef = 4028C1292021593B00678ED7 /* TADotView.m */; };
		4028C16A20215ED700678ED7 /* TAAnimatedDotView.m in Sources */ = {isa = PBXBuildFile; fileRef = 4028C12B2021593B00678ED7 /* TAAnimatedDotView.m */; };
		4028C16B20215ED700678ED7 /* TAAbstractDotView.m in Sources */ = {isa = PBXBuildFile; fileRef = 4028C12C2021593B00678ED7 /* TAAbstractDotView.m */; };
		405527F72021650700021A81 /* TimeSetClass.m in Sources */ = {isa = PBXBuildFile; fileRef = 405527F62021650700021A81 /* TimeSetClass.m */; };
		405527FB2021836800021A81 /* RequsetClass.m in Sources */ = {isa = PBXBuildFile; fileRef = 405527FA2021836800021A81 /* RequsetClass.m */; };
		405528222021912600021A81 /* UIProgressView+AFNetworking.m in Sources */ = {isa = PBXBuildFile; fileRef = 40552800202183FC00021A81 /* UIProgressView+AFNetworking.m */; };
		405528232021912600021A81 /* UIRefreshControl+AFNetworking.m in Sources */ = {isa = PBXBuildFile; fileRef = 40552802202183FC00021A81 /* UIRefreshControl+AFNetworking.m */; };
		405528242021912600021A81 /* AFNetworkActivityIndicatorManager.m in Sources */ = {isa = PBXBuildFile; fileRef = 40552805202183FC00021A81 /* AFNetworkActivityIndicatorManager.m */; };
		405528252021912600021A81 /* UIImageView+AFNetworking.m in Sources */ = {isa = PBXBuildFile; fileRef = 4055280B202183FC00021A81 /* UIImageView+AFNetworking.m */; };
		405528262021912600021A81 /* UIButton+AFNetworking.m in Sources */ = {isa = PBXBuildFile; fileRef = 4055280E202183FC00021A81 /* UIButton+AFNetworking.m */; };
		405528272021912600021A81 /* UIActivityIndicatorView+AFNetworking.m in Sources */ = {isa = PBXBuildFile; fileRef = 4055280F202183FC00021A81 /* UIActivityIndicatorView+AFNetworking.m */; };
		405528282021912600021A81 /* UIWebView+AFNetworking.m in Sources */ = {isa = PBXBuildFile; fileRef = 40552810202183FC00021A81 /* UIWebView+AFNetworking.m */; };
		405528292021912600021A81 /* AFAutoPurgingImageCache.m in Sources */ = {isa = PBXBuildFile; fileRef = 40552811202183FC00021A81 /* AFAutoPurgingImageCache.m */; };
		4055282A2021912600021A81 /* AFImageDownloader.m in Sources */ = {isa = PBXBuildFile; fileRef = 40552813202183FC00021A81 /* AFImageDownloader.m */; };
		4055282B2021912600021A81 /* AFURLResponseSerialization.m in Sources */ = {isa = PBXBuildFile; fileRef = 40552819202183FC00021A81 /* AFURLResponseSerialization.m */; };
		4055282C2021912600021A81 /* AFHTTPSessionManager.m in Sources */ = {isa = PBXBuildFile; fileRef = 4055281A202183FC00021A81 /* AFHTTPSessionManager.m */; };
		4055282D2021912600021A81 /* AFURLSessionManager.m in Sources */ = {isa = PBXBuildFile; fileRef = 4055281C202183FC00021A81 /* AFURLSessionManager.m */; };
		4055282E2021912600021A81 /* AFURLRequestSerialization.m in Sources */ = {isa = PBXBuildFile; fileRef = 4055281D202183FC00021A81 /* AFURLRequestSerialization.m */; };
		4055282F2021912600021A81 /* AFNetworkReachabilityManager.m in Sources */ = {isa = PBXBuildFile; fileRef = 4055281F202183FC00021A81 /* AFNetworkReachabilityManager.m */; };
		405528302021912600021A81 /* AFSecurityPolicy.m in Sources */ = {isa = PBXBuildFile; fileRef = 40552820202183FC00021A81 /* AFSecurityPolicy.m */; };
		405A3A7E202198CE00333CA2 /* UIControlClass.m in Sources */ = {isa = PBXBuildFile; fileRef = 405A3A7D202198CE00333CA2 /* UIControlClass.m */; };
		405A3A852021A48000333CA2 /* DateChoiceView.m in Sources */ = {isa = PBXBuildFile; fileRef = 405A3A842021A2F300333CA2 /* DateChoiceView.m */; };
		405A3A882021A49E00333CA2 /* AMBlurView.m in Sources */ = {isa = PBXBuildFile; fileRef = 405A3A872021A49E00333CA2 /* AMBlurView.m */; };
		405A3A8C2021AC3800333CA2 /* ManyMenuScrollView.m in Sources */ = {isa = PBXBuildFile; fileRef = 405A3A8B2021AC3800333CA2 /* ManyMenuScrollView.m */; };
/* End PBXBuildFile section */

/* Begin PBXContainerItemProxy section */
		4028C0FE202156EB00678ED7 /* PBXContainerItemProxy */ = {
			isa = PBXContainerItemProxy;
			containerPortal = 4028C0DD202156EA00678ED7 /* Project object */;
			proxyType = 1;
			remoteGlobalIDString = 4028C0E4202156EA00678ED7;
			remoteInfo = TestCommen;
		};
		4028C109202156EB00678ED7 /* PBXContainerItemProxy */ = {
			isa = PBXContainerItemProxy;
			containerPortal = 4028C0DD202156EA00678ED7 /* Project object */;
			proxyType = 1;
			remoteGlobalIDString = 4028C0E4202156EA00678ED7;
			remoteInfo = TestCommen;
		};
/* End PBXContainerItemProxy section */

/* Begin PBXFileReference section */
		4028C0E5202156EA00678ED7 /* TestCommen.app */ = {isa = PBXFileReference; explicitFileType = wrapper.application; includeInIndex = 0; path = TestCommen.app; sourceTree = BUILT_PRODUCTS_DIR; };
		4028C0E8202156EA00678ED7 /* AppDelegate.h */ = {isa = PBXFileReference; lastKnownFileType = sourcecode.c.h; path = AppDelegate.h; sourceTree = "<group>"; };
		4028C0E9202156EA00678ED7 /* AppDelegate.m */ = {isa = PBXFileReference; lastKnownFileType = sourcecode.c.objc; path = AppDelegate.m; sourceTree = "<group>"; };
		4028C0EB202156EA00678ED7 /* ViewController.h */ = {isa = PBXFileReference; lastKnownFileType = sourcecode.c.h; path = ViewController.h; sourceTree = "<group>"; };
		4028C0EC202156EA00678ED7 /* ViewController.m */ = {isa = PBXFileReference; lastKnownFileType = sourcecode.c.objc; path = ViewController.m; sourceTree = "<group>"; };
		4028C0F1202156EA00678ED7 /* Assets.xcassets */ = {isa = PBXFileReference; lastKnownFileType = folder.assetcatalog; path = Assets.xcassets; sourceTree = "<group>"; };
		4028C0F6202156EA00678ED7 /* Info.plist */ = {isa = PBXFileReference; lastKnownFileType = text.plist.xml; path = Info.plist; sourceTree = "<group>"; };
		4028C0F7202156EA00678ED7 /* main.m */ = {isa = PBXFileReference; lastKnownFileType = sourcecode.c.objc; path = main.m; sourceTree = "<group>"; };
		4028C0FD202156EB00678ED7 /* TestCommenTests.xctest */ = {isa = PBXFileReference; explicitFileType = wrapper.cfbundle; includeInIndex = 0; path = TestCommenTests.xctest; sourceTree = BUILT_PRODUCTS_DIR; };
		4028C101202156EB00678ED7 /* TestCommenTests.m */ = {isa = PBXFileReference; lastKnownFileType = sourcecode.c.objc; path = TestCommenTests.m; sourceTree = "<group>"; };
		4028C103202156EB00678ED7 /* Info.plist */ = {isa = PBXFileReference; lastKnownFileType = text.plist.xml; path = Info.plist; sourceTree = "<group>"; };
		4028C108202156EB00678ED7 /* TestCommenUITests.xctest */ = {isa = PBXFileReference; explicitFileType = wrapper.cfbundle; includeInIndex = 0; path = TestCommenUITests.xctest; sourceTree = BUILT_PRODUCTS_DIR; };
		4028C10C202156EB00678ED7 /* TestCommenUITests.m */ = {isa = PBXFileReference; lastKnownFileType = sourcecode.c.objc; path = TestCommenUITests.m; sourceTree = "<group>"; };
		4028C10E202156EB00678ED7 /* Info.plist */ = {isa = PBXFileReference; lastKnownFileType = text.plist.xml; path = Info.plist; sourceTree = "<group>"; };
		4028C11C2021593B00678ED7 /* LICENSE */ = {isa = PBXFileReference; lastKnownFileType = text; path = LICENSE; sourceTree = "<group>"; };
		4028C11D2021593B00678ED7 /* README.md */ = {isa = PBXFileReference; lastKnownFileType = net.daringfireball.markdown; path = README.md; sourceTree = "<group>"; };
		4028C1212021593B00678ED7 /* UIView+SDExtension.h */ = {isa = PBXFileReference; lastKnownFileType = sourcecode.c.h; path = "UIView+SDExtension.h"; sourceTree = "<group>"; };
		4028C1222021593B00678ED7 /* SDCycleScrollView.h */ = {isa = PBXFileReference; lastKnownFileType = sourcecode.c.h; path = SDCycleScrollView.h; sourceTree = "<group>"; };
		4028C1232021593B00678ED7 /* SDCollectionViewCell.h */ = {isa = PBXFileReference; lastKnownFileType = sourcecode.c.h; path = SDCollectionViewCell.h; sourceTree = "<group>"; };
		4028C1242021593B00678ED7 /* SDCycleScrollView.m */ = {isa = PBXFileReference; lastKnownFileType = sourcecode.c.objc; path = SDCycleScrollView.m; sourceTree = "<group>"; };
		4028C1252021593B00678ED7 /* UIView+SDExtension.m */ = {isa = PBXFileReference; lastKnownFileType = sourcecode.c.objc; path = "UIView+SDExtension.m"; sourceTree = "<group>"; };
		4028C1262021593B00678ED7 /* SDCollectionViewCell.m */ = {isa = PBXFileReference; lastKnownFileType = sourcecode.c.objc; path = SDCollectionViewCell.m; sourceTree = "<group>"; };
		4028C1282021593B00678ED7 /* TAAbstractDotView.h */ = {isa = PBXFileReference; lastKnownFileType = sourcecode.c.h; path = TAAbstractDotView.h; sourceTree = "<group>"; };
		4028C1292021593B00678ED7 /* TADotView.m */ = {isa = PBXFileReference; lastKnownFileType = sourcecode.c.objc; path = TADotView.m; sourceTree = "<group>"; };
		4028C12A2021593B00678ED7 /* TAPageControl.m */ = {isa = PBXFileReference; lastKnownFileType = sourcecode.c.objc; path = TAPageControl.m; sourceTree = "<group>"; };
		4028C12B2021593B00678ED7 /* TAAnimatedDotView.m */ = {isa = PBXFileReference; lastKnownFileType = sourcecode.c.objc; path = TAAnimatedDotView.m; sourceTree = "<group>"; };
		4028C12C2021593B00678ED7 /* TAAbstractDotView.m */ = {isa = PBXFileReference; lastKnownFileType = sourcecode.c.objc; path = TAAbstractDotView.m; sourceTree = "<group>"; };
		4028C12D2021593B00678ED7 /* TADotView.h */ = {isa = PBXFileReference; lastKnownFileType = sourcecode.c.h; path = TADotView.h; sourceTree = "<group>"; };
		4028C12E2021593B00678ED7 /* TAAnimatedDotView.h */ = {isa = PBXFileReference; lastKnownFileType = sourcecode.c.h; path = TAAnimatedDotView.h; sourceTree = "<group>"; };
		4028C12F2021593B00678ED7 /* TAPageControl.h */ = {isa = PBXFileReference; lastKnownFileType = sourcecode.c.h; path = TAPageControl.h; sourceTree = "<group>"; };
		4028C1302021598F00678ED7 /* Header.h */ = {isa = PBXFileReference; lastKnownFileType = sourcecode.c.h; path = Header.h; sourceTree = "<group>"; };
		4028C13420215CD500678ED7 /* LICENSE */ = {isa = PBXFileReference; lastKnownFileType = text; path = LICENSE; sourceTree = "<group>"; };
		4028C13520215CD500678ED7 /* README.md */ = {isa = PBXFileReference; lastKnownFileType = net.daringfireball.markdown; path = README.md; sourceTree = "<group>"; };
		4028C13720215CD500678ED7 /* UIImageView+WebCache.h */ = {isa = PBXFileReference; lastKnownFileType = sourcecode.c.h; path = "UIImageView+WebCache.h"; sourceTree = "<group>"; };
		4028C13820215CD500678ED7 /* NSData+ImageContentType.h */ = {isa = PBXFileReference; lastKnownFileType = sourcecode.c.h; path = "NSData+ImageContentType.h"; sourceTree = "<group>"; };
		4028C13920215CD500678ED7 /* SDWebImageManager.m */ = {isa = PBXFileReference; lastKnownFileType = sourcecode.c.objc; path = SDWebImageManager.m; sourceTree = "<group>"; };
		4028C13A20215CD500678ED7 /* SDWebImageDecoder.m */ = {isa = PBXFileReference; lastKnownFileType = sourcecode.c.objc; path = SDWebImageDecoder.m; sourceTree = "<group>"; };
		4028C13B20215CD500678ED7 /* SDWebImageDownloaderOperation.h */ = {isa = PBXFileReference; lastKnownFileType = sourcecode.c.h; path = SDWebImageDownloaderOperation.h; sourceTree = "<group>"; };
		4028C13C20215CD500678ED7 /* UIImageView+HighlightedWebCache.m */ = {isa = PBXFileReference; lastKnownFileType = sourcecode.c.objc; path = "UIImageView+HighlightedWebCache.m"; sourceTree = "<group>"; };
		4028C13D20215CD500678ED7 /* SDImageCache.h */ = {isa = PBXFileReference; lastKnownFileType = sourcecode.c.h; path = SDImageCache.h; sourceTree = "<group>"; };
		4028C13E20215CD500678ED7 /* SDWebImageDownloader.m */ = {isa = PBXFileReference; lastKnownFileType = sourcecode.c.objc; path = SDWebImageDownloader.m; sourceTree = "<group>"; };
		4028C13F20215CD500678ED7 /* UIImage+GIF.m */ = {isa = PBXFileReference; lastKnownFileType = sourcecode.c.objc; path = "UIImage+GIF.m"; sourceTree = "<group>"; };
		4028C14020215CD500678ED7 /* UIButton+WebCache.h */ = {isa = PBXFileReference; lastKnownFileType = sourcecode.c.h; path = "UIButton+WebCache.h"; sourceTree = "<group>"; };
		4028C14120215CD500678ED7 /* UIImage+MultiFormat.m */ = {isa = PBXFileReference; lastKnownFileType = sourcecode.c.objc; path = "UIImage+MultiFormat.m"; sourceTree = "<group>"; };
		4028C14220215CD500678ED7 /* SDWebImageCompat.m */ = {isa = PBXFileReference; lastKnownFileType = sourcecode.c.objc; path = SDWebImageCompat.m; sourceTree = "<group>"; };
		4028C14320215CD500678ED7 /* SDWebImagePrefetcher.m */ = {isa = PBXFileReference; lastKnownFileType = sourcecode.c.objc; path = SDWebImagePrefetcher.m; sourceTree = "<group>"; };
		4028C14420215CD500678ED7 /* UIView+WebCacheOperation.h */ = {isa = PBXFileReference; lastKnownFileType = sourcecode.c.h; path = "UIView+WebCacheOperation.h"; sourceTree = "<group>"; };
		4028C14520215CD500678ED7 /* SDImageCache.m */ = {isa = PBXFileReference; lastKnownFileType = sourcecode.c.objc; path = SDImageCache.m; sourceTree = "<group>"; };
		4028C14620215CD500678ED7 /* UIImageView+HighlightedWebCache.h */ = {isa = PBXFileReference; lastKnownFileType = sourcecode.c.h; path = "UIImageView+HighlightedWebCache.h"; sourceTree = "<group>"; };
		4028C14720215CD500678ED7 /* SDWebImageDownloaderOperation.m */ = {isa = PBXFileReference; lastKnownFileType = sourcecode.c.objc; path = SDWebImageDownloaderOperation.m; sourceTree = "<group>"; };
		4028C14820215CD500678ED7 /* SDWebImageDecoder.h */ = {isa = PBXFileReference; lastKnownFileType = sourcecode.c.h; path = SDWebImageDecoder.h; sourceTree = "<group>"; };
		4028C14920215CD500678ED7 /* SDWebImageManager.h */ = {isa = PBXFileReference; lastKnownFileType = sourcecode.c.h; path = SDWebImageManager.h; sourceTree = "<group>"; };
		4028C14A20215CD500678ED7 /* NSData+ImageContentType.m */ = {isa = PBXFileReference; lastKnownFileType = sourcecode.c.objc; path = "NSData+ImageContentType.m"; sourceTree = "<group>"; };
		4028C14B20215CD500678ED7 /* UIImageView+WebCache.m */ = {isa = PBXFileReference; lastKnownFileType = sourcecode.c.objc; path = "UIImageView+WebCache.m"; sourceTree = "<group>"; };
		4028C14C20215CD500678ED7 /* SDWebImageOperation.h */ = {isa = PBXFileReference; lastKnownFileType = sourcecode.c.h; path = SDWebImageOperation.h; sourceTree = "<group>"; };
		4028C14D20215CD500678ED7 /* SDWebImageDownloader.h */ = {isa = PBXFileReference; lastKnownFileType = sourcecode.c.h; path = SDWebImageDownloader.h; sourceTree = "<group>"; };
		4028C14E20215CD500678ED7 /* UIView+WebCacheOperation.m */ = {isa = PBXFileReference; lastKnownFileType = sourcecode.c.objc; path = "UIView+WebCacheOperation.m"; sourceTree = "<group>"; };
		4028C14F20215CD500678ED7 /* SDWebImagePrefetcher.h */ = {isa = PBXFileReference; lastKnownFileType = sourcecode.c.h; path = SDWebImagePrefetcher.h; sourceTree = "<group>"; };
		4028C15020215CD500678ED7 /* SDWebImageCompat.h */ = {isa = PBXFileReference; lastKnownFileType = sourcecode.c.h; path = SDWebImageCompat.h; sourceTree = "<group>"; };
		4028C15120215CD500678ED7 /* UIImage+MultiFormat.h */ = {isa = PBXFileReference; lastKnownFileType = sourcecode.c.h; path = "UIImage+MultiFormat.h"; sourceTree = "<group>"; };
		4028C15220215CD500678ED7 /* UIButton+WebCache.m */ = {isa = PBXFileReference; lastKnownFileType = sourcecode.c.objc; path = "UIButton+WebCache.m"; sourceTree = "<group>"; };
		4028C15320215CD500678ED7 /* UIImage+GIF.h */ = {isa = PBXFileReference; lastKnownFileType = sourcecode.c.h; path = "UIImage+GIF.h"; sourceTree = "<group>"; };
		4028C15520215E1900678ED7 /* ImageIO.framework */ = {isa = PBXFileReference; lastKnownFileType = wrapper.framework; name = ImageIO.framework; path = System/Library/Frameworks/ImageIO.framework; sourceTree = SDKROOT; };
		4028C15720215E1F00678ED7 /* MapKit.framework */ = {isa = PBXFileReference; lastKnownFileType = wrapper.framework; name = MapKit.framework; path = System/Library/Frameworks/MapKit.framework; sourceTree = SDKROOT; };
		405527F52021650700021A81 /* TimeSetClass.h */ = {isa = PBXFileReference; lastKnownFileType = sourcecode.c.h; path = TimeSetClass.h; sourceTree = "<group>"; };
		405527F62021650700021A81 /* TimeSetClass.m */ = {isa = PBXFileReference; lastKnownFileType = sourcecode.c.objc; path = TimeSetClass.m; sourceTree = "<group>"; };
		405527F92021836800021A81 /* RequsetClass.h */ = {isa = PBXFileReference; lastKnownFileType = sourcecode.c.h; path = RequsetClass.h; sourceTree = "<group>"; };
		405527FA2021836800021A81 /* RequsetClass.m */ = {isa = PBXFileReference; lastKnownFileType = sourcecode.c.objc; path = RequsetClass.m; sourceTree = "<group>"; };
		405527FD202183FC00021A81 /* LICENSE */ = {isa = PBXFileReference; lastKnownFileType = text; path = LICENSE; sourceTree = "<group>"; };
		405527FE202183FC00021A81 /* README.md */ = {isa = PBXFileReference; lastKnownFileType = net.daringfireball.markdown; path = README.md; sourceTree = "<group>"; };
		40552800202183FC00021A81 /* UIProgressView+AFNetworking.m */ = {isa = PBXFileReference; lastKnownFileType = sourcecode.c.objc; path = "UIProgressView+AFNetworking.m"; sourceTree = "<group>"; };
		40552801202183FC00021A81 /* UIButton+AFNetworking.h */ = {isa = PBXFileReference; lastKnownFileType = sourcecode.c.h; path = "UIButton+AFNetworking.h"; sourceTree = "<group>"; };
		40552802202183FC00021A81 /* UIRefreshControl+AFNetworking.m */ = {isa = PBXFileReference; lastKnownFileType = sourcecode.c.objc; path = "UIRefreshControl+AFNetworking.m"; sourceTree = "<group>"; };
		40552803202183FC00021A81 /* UIImageView+AFNetworking.h */ = {isa = PBXFileReference; lastKnownFileType = sourcecode.c.h; path = "UIImageView+AFNetworking.h"; sourceTree = "<group>"; };
		40552804202183FC00021A81 /* AFImageDownloader.h */ = {isa = PBXFileReference; lastKnownFileType = sourcecode.c.h; path = AFImageDownloader.h; sourceTree = "<group>"; };
		40552805202183FC00021A81 /* AFNetworkActivityIndicatorManager.m */ = {isa = PBXFileReference; lastKnownFileType = sourcecode.c.objc; path = AFNetworkActivityIndicatorManager.m; sourceTree = "<group>"; };
		40552806202183FC00021A81 /* AFAutoPurgingImageCache.h */ = {isa = PBXFileReference; lastKnownFileType = sourcecode.c.h; path = AFAutoPurgingImageCache.h; sourceTree = "<group>"; };
		40552807202183FC00021A81 /* UIWebView+AFNetworking.h */ = {isa = PBXFileReference; lastKnownFileType = sourcecode.c.h; path = "UIWebView+AFNetworking.h"; sourceTree = "<group>"; };
		40552808202183FC00021A81 /* UIActivityIndicatorView+AFNetworking.h */ = {isa = PBXFileReference; lastKnownFileType = sourcecode.c.h; path = "UIActivityIndicatorView+AFNetworking.h"; sourceTree = "<group>"; };
		40552809202183FC00021A81 /* UIImage+AFNetworking.h */ = {isa = PBXFileReference; lastKnownFileType = sourcecode.c.h; path = "UIImage+AFNetworking.h"; sourceTree = "<group>"; };
		4055280A202183FC00021A81 /* UIProgressView+AFNetworking.h */ = {isa = PBXFileReference; lastKnownFileType = sourcecode.c.h; path = "UIProgressView+AFNetworking.h"; sourceTree = "<group>"; };
		4055280B202183FC00021A81 /* UIImageView+AFNetworking.m */ = {isa = PBXFileReference; lastKnownFileType = sourcecode.c.objc; path = "UIImageView+AFNetworking.m"; sourceTree = "<group>"; };
		4055280C202183FC00021A81 /* UIKit+AFNetworking.h */ = {isa = PBXFileReference; lastKnownFileType = sourcecode.c.h; path = "UIKit+AFNetworking.h"; sourceTree = "<group>"; };
		4055280D202183FC00021A81 /* UIRefreshControl+AFNetworking.h */ = {isa = PBXFileReference; lastKnownFileType = sourcecode.c.h; path = "UIRefreshControl+AFNetworking.h"; sourceTree = "<group>"; };
		4055280E202183FC00021A81 /* UIButton+AFNetworking.m */ = {isa = PBXFileReference; lastKnownFileType = sourcecode.c.objc; path = "UIButton+AFNetworking.m"; sourceTree = "<group>"; };
		4055280F202183FC00021A81 /* UIActivityIndicatorView+AFNetworking.m */ = {isa = PBXFileReference; lastKnownFileType = sourcecode.c.objc; path = "UIActivityIndicatorView+AFNetworking.m"; sourceTree = "<group>"; };
		40552810202183FC00021A81 /* UIWebView+AFNetworking.m */ = {isa = PBXFileReference; lastKnownFileType = sourcecode.c.objc; path = "UIWebView+AFNetworking.m"; sourceTree = "<group>"; };
		40552811202183FC00021A81 /* AFAutoPurgingImageCache.m */ = {isa = PBXFileReference; lastKnownFileType = sourcecode.c.objc; path = AFAutoPurgingImageCache.m; sourceTree = "<group>"; };
		40552812202183FC00021A81 /* AFNetworkActivityIndicatorManager.h */ = {isa = PBXFileReference; lastKnownFileType = sourcecode.c.h; path = AFNetworkActivityIndicatorManager.h; sourceTree = "<group>"; };
		40552813202183FC00021A81 /* AFImageDownloader.m */ = {isa = PBXFileReference; lastKnownFileType = sourcecode.c.objc; path = AFImageDownloader.m; sourceTree = "<group>"; };
		40552815202183FC00021A81 /* AFSecurityPolicy.h */ = {isa = PBXFileReference; lastKnownFileType = sourcecode.c.h; path = AFSecurityPolicy.h; sourceTree = "<group>"; };
		40552816202183FC00021A81 /* AFNetworkReachabilityManager.h */ = {isa = PBXFileReference; lastKnownFileType = sourcecode.c.h; path = AFNetworkReachabilityManager.h; sourceTree = "<group>"; };
		40552817202183FC00021A81 /* AFURLSessionManager.h */ = {isa = PBXFileReference; lastKnownFileType = sourcecode.c.h; path = AFURLSessionManager.h; sourceTree = "<group>"; };
		40552818202183FC00021A81 /* AFURLRequestSerialization.h */ = {isa = PBXFileReference; lastKnownFileType = sourcecode.c.h; path = AFURLRequestSerialization.h; sourceTree = "<group>"; };
		40552819202183FC00021A81 /* AFURLResponseSerialization.m */ = {isa = PBXFileReference; lastKnownFileType = sourcecode.c.objc; path = AFURLResponseSerialization.m; sourceTree = "<group>"; };
		4055281A202183FC00021A81 /* AFHTTPSessionManager.m */ = {isa = PBXFileReference; lastKnownFileType = sourcecode.c.objc; path = AFHTTPSessionManager.m; sourceTree = "<group>"; };
		4055281B202183FC00021A81 /* AFURLResponseSerialization.h */ = {isa = PBXFileReference; lastKnownFileType = sourcecode.c.h; path = AFURLResponseSerialization.h; sourceTree = "<group>"; };
		4055281C202183FC00021A81 /* AFURLSessionManager.m */ = {isa = PBXFileReference; lastKnownFileType = sourcecode.c.objc; path = AFURLSessionManager.m; sourceTree = "<group>"; };
		4055281D202183FC00021A81 /* AFURLRequestSerialization.m */ = {isa = PBXFileReference; lastKnownFileType = sourcecode.c.objc; path = AFURLRequestSerialization.m; sourceTree = "<group>"; };
		4055281E202183FC00021A81 /* AFNetworking.h */ = {isa = PBXFileReference; lastKnownFileType = sourcecode.c.h; path = AFNetworking.h; sourceTree = "<group>"; };
		4055281F202183FC00021A81 /* AFNetworkReachabilityManager.m */ = {isa = PBXFileReference; lastKnownFileType = sourcecode.c.objc; path = AFNetworkReachabilityManager.m; sourceTree = "<group>"; };
		40552820202183FC00021A81 /* AFSecurityPolicy.m */ = {isa = PBXFileReference; lastKnownFileType = sourcecode.c.objc; path = AFSecurityPolicy.m; sourceTree = "<group>"; };
		40552821202183FC00021A81 /* AFHTTPSessionManager.h */ = {isa = PBXFileReference; lastKnownFileType = sourcecode.c.h; path = AFHTTPSessionManager.h; sourceTree = "<group>"; };
		405A3A7C202198CE00333CA2 /* UIControlClass.h */ = {isa = PBXFileReference; lastKnownFileType = sourcecode.c.h; path = UIControlClass.h; sourceTree = "<group>"; };
		405A3A7D202198CE00333CA2 /* UIControlClass.m */ = {isa = PBXFileReference; lastKnownFileType = sourcecode.c.objc; path = UIControlClass.m; sourceTree = "<group>"; };
		405A3A832021A2F300333CA2 /* DateChoiceView.h */ = {isa = PBXFileReference; lastKnownFileType = sourcecode.c.h; path = DateChoiceView.h; sourceTree = "<group>"; };
		405A3A842021A2F300333CA2 /* DateChoiceView.m */ = {isa = PBXFileReference; lastKnownFileType = sourcecode.c.objc; path = DateChoiceView.m; sourceTree = "<group>"; };
		405A3A862021A49E00333CA2 /* AMBlurView.h */ = {isa = PBXFileReference; lastKnownFileType = sourcecode.c.h; path = AMBlurView.h; sourceTree = "<group>"; };
		405A3A872021A49E00333CA2 /* AMBlurView.m */ = {isa = PBXFileReference; lastKnownFileType = sourcecode.c.objc; path = AMBlurView.m; sourceTree = "<group>"; };
		405A3A8A2021AC3800333CA2 /* ManyMenuScrollView.h */ = {isa = PBXFileReference; lastKnownFileType = sourcecode.c.h; path = ManyMenuScrollView.h; sourceTree = "<group>"; };
		405A3A8B2021AC3800333CA2 /* ManyMenuScrollView.m */ = {isa = PBXFileReference; lastKnownFileType = sourcecode.c.objc; path = ManyMenuScrollView.m; sourceTree = "<group>"; };
/* End PBXFileReference section */

/* Begin PBXFrameworksBuildPhase section */
		4028C0E2202156EA00678ED7 /* Frameworks */ = {
			isa = PBXFrameworksBuildPhase;
			buildActionMask = 2147483647;
			files = (
				4028C15820215E1F00678ED7 /* MapKit.framework in Frameworks */,
				4028C15620215E1900678ED7 /* ImageIO.framework in Frameworks */,
			);
			runOnlyForDeploymentPostprocessing = 0;
		};
		4028C0FA202156EB00678ED7 /* Frameworks */ = {
			isa = PBXFrameworksBuildPhase;
			buildActionMask = 2147483647;
			files = (
			);
			runOnlyForDeploymentPostprocessing = 0;
		};
		4028C105202156EB00678ED7 /* Frameworks */ = {
			isa = PBXFrameworksBuildPhase;
			buildActionMask = 2147483647;
			files = (
			);
			runOnlyForDeploymentPostprocessing = 0;
		};
/* End PBXFrameworksBuildPhase section */

/* Begin PBXGroup section */
		4028C0DC202156EA00678ED7 = {
			isa = PBXGroup;
			children = (
				4028C0E7202156EA00678ED7 /* TestCommen */,
				4028C100202156EB00678ED7 /* TestCommenTests */,
				4028C10B202156EB00678ED7 /* TestCommenUITests */,
				4028C0E6202156EA00678ED7 /* Products */,
				4028C15420215E1800678ED7 /* Frameworks */,
			);
			sourceTree = "<group>";
		};
		4028C0E6202156EA00678ED7 /* Products */ = {
			isa = PBXGroup;
			children = (
				4028C0E5202156EA00678ED7 /* TestCommen.app */,
				4028C0FD202156EB00678ED7 /* TestCommenTests.xctest */,
				4028C108202156EB00678ED7 /* TestCommenUITests.xctest */,
			);
			name = Products;
			sourceTree = "<group>";
		};
		4028C0E7202156EA00678ED7 /* TestCommen */ = {
			isa = PBXGroup;
			children = (
				4028C0E8202156EA00678ED7 /* AppDelegate.h */,
				4028C0E9202156EA00678ED7 /* AppDelegate.m */,
				4028C0EB202156EA00678ED7 /* ViewController.h */,
				4028C0EC202156EA00678ED7 /* ViewController.m */,
				4028C1302021598F00678ED7 /* Header.h */,
				4028C16C202160E500678ED7 /* 自定义方法类 */,
				4028C11A2021591A00678ED7 /* 通用轮播图 */,
				4028C0F1202156EA00678ED7 /* Assets.xcassets */,
				4028C0F6202156EA00678ED7 /* Info.plist */,
				4028C0F7202156EA00678ED7 /* main.m */,
			);
			path = TestCommen;
			sourceTree = "<group>";
		};
		4028C100202156EB00678ED7 /* TestCommenTests */ = {
			isa = PBXGroup;
			children = (
				4028C101202156EB00678ED7 /* TestCommenTests.m */,
				4028C103202156EB00678ED7 /* Info.plist */,
			);
			path = TestCommenTests;
			sourceTree = "<group>";
		};
		4028C10B202156EB00678ED7 /* TestCommenUITests */ = {
			isa = PBXGroup;
			children = (
				4028C10C202156EB00678ED7 /* TestCommenUITests.m */,
				4028C10E202156EB00678ED7 /* Info.plist */,
			);
			path = TestCommenUITests;
			sourceTree = "<group>";
		};
		4028C11A2021591A00678ED7 /* 通用轮播图 */ = {
			isa = PBXGroup;
			children = (
				4028C13320215CD500678ED7 /* SDWebImage */,
				4028C11B2021593B00678ED7 /* SDCycleScrollView */,
			);
			path = "通用轮播图";
			sourceTree = "<group>";
		};
		4028C11B2021593B00678ED7 /* SDCycleScrollView */ = {
			isa = PBXGroup;
			children = (
				4028C11C2021593B00678ED7 /* LICENSE */,
				4028C11D2021593B00678ED7 /* README.md */,
				4028C11E2021593B00678ED7 /* SDCycleScrollView */,
			);
			path = SDCycleScrollView;
			sourceTree = "<group>";
		};
		4028C11E2021593B00678ED7 /* SDCycleScrollView */ = {
			isa = PBXGroup;
			children = (
				4028C11F2021593B00678ED7 /* Lib */,
			);
			path = SDCycleScrollView;
			sourceTree = "<group>";
		};
		4028C11F2021593B00678ED7 /* Lib */ = {
			isa = PBXGroup;
			children = (
				4028C1202021593B00678ED7 /* SDCycleScrollView */,
			);
			path = Lib;
			sourceTree = "<group>";
		};
		4028C1202021593B00678ED7 /* SDCycleScrollView */ = {
			isa = PBXGroup;
			children = (
				4028C1212021593B00678ED7 /* UIView+SDExtension.h */,
				4028C1222021593B00678ED7 /* SDCycleScrollView.h */,
				4028C1232021593B00678ED7 /* SDCollectionViewCell.h */,
				4028C1242021593B00678ED7 /* SDCycleScrollView.m */,
				4028C1252021593B00678ED7 /* UIView+SDExtension.m */,
				4028C1262021593B00678ED7 /* SDCollectionViewCell.m */,
				4028C1272021593B00678ED7 /* PageControl */,
			);
			path = SDCycleScrollView;
			sourceTree = "<group>";
		};
		4028C1272021593B00678ED7 /* PageControl */ = {
			isa = PBXGroup;
			children = (
				4028C1282021593B00678ED7 /* TAAbstractDotView.h */,
				4028C1292021593B00678ED7 /* TADotView.m */,
				4028C12A2021593B00678ED7 /* TAPageControl.m */,
				4028C12B2021593B00678ED7 /* TAAnimatedDotView.m */,
				4028C12C2021593B00678ED7 /* TAAbstractDotView.m */,
				4028C12D2021593B00678ED7 /* TADotView.h */,
				4028C12E2021593B00678ED7 /* TAAnimatedDotView.h */,
				4028C12F2021593B00678ED7 /* TAPageControl.h */,
			);
			path = PageControl;
			sourceTree = "<group>";
		};
		4028C13320215CD500678ED7 /* SDWebImage */ = {
			isa = PBXGroup;
			children = (
				4028C13420215CD500678ED7 /* LICENSE */,
				4028C13520215CD500678ED7 /* README.md */,
				4028C13620215CD500678ED7 /* SDWebImage */,
			);
			path = SDWebImage;
			sourceTree = "<group>";
		};
		4028C13620215CD500678ED7 /* SDWebImage */ = {
			isa = PBXGroup;
			children = (
				4028C13720215CD500678ED7 /* UIImageView+WebCache.h */,
				4028C13820215CD500678ED7 /* NSData+ImageContentType.h */,
				4028C13920215CD500678ED7 /* SDWebImageManager.m */,
				4028C13A20215CD500678ED7 /* SDWebImageDecoder.m */,
				4028C13B20215CD500678ED7 /* SDWebImageDownloaderOperation.h */,
				4028C13C20215CD500678ED7 /* UIImageView+HighlightedWebCache.m */,
				4028C13D20215CD500678ED7 /* SDImageCache.h */,
				4028C13E20215CD500678ED7 /* SDWebImageDownloader.m */,
				4028C13F20215CD500678ED7 /* UIImage+GIF.m */,
				4028C14020215CD500678ED7 /* UIButton+WebCache.h */,
				4028C14120215CD500678ED7 /* UIImage+MultiFormat.m */,
				4028C14220215CD500678ED7 /* SDWebImageCompat.m */,
				4028C14320215CD500678ED7 /* SDWebImagePrefetcher.m */,
				4028C14420215CD500678ED7 /* UIView+WebCacheOperation.h */,
				4028C14520215CD500678ED7 /* SDImageCache.m */,
				4028C14620215CD500678ED7 /* UIImageView+HighlightedWebCache.h */,
				4028C14720215CD500678ED7 /* SDWebImageDownloaderOperation.m */,
				4028C14820215CD500678ED7 /* SDWebImageDecoder.h */,
				4028C14920215CD500678ED7 /* SDWebImageManager.h */,
				4028C14A20215CD500678ED7 /* NSData+ImageContentType.m */,
				4028C14B20215CD500678ED7 /* UIImageView+WebCache.m */,
				4028C14C20215CD500678ED7 /* SDWebImageOperation.h */,
				4028C14D20215CD500678ED7 /* SDWebImageDownloader.h */,
				4028C14E20215CD500678ED7 /* UIView+WebCacheOperation.m */,
				4028C14F20215CD500678ED7 /* SDWebImagePrefetcher.h */,
				4028C15020215CD500678ED7 /* SDWebImageCompat.h */,
				4028C15120215CD500678ED7 /* UIImage+MultiFormat.h */,
				4028C15220215CD500678ED7 /* UIButton+WebCache.m */,
				4028C15320215CD500678ED7 /* UIImage+GIF.h */,
			);
			path = SDWebImage;
			sourceTree = "<group>";
		};
		4028C15420215E1800678ED7 /* Frameworks */ = {
			isa = PBXGroup;
			children = (
				4028C15720215E1F00678ED7 /* MapKit.framework */,
				4028C15520215E1900678ED7 /* ImageIO.framework */,
			);
			name = Frameworks;
			sourceTree = "<group>";
		};
		4028C16C202160E500678ED7 /* 自定义方法类 */ = {
			isa = PBXGroup;
			children = (
				405A3A892021ABAB00333CA2 /* 多菜单滑动视图 */,
				405A3A7F20219FAC00333CA2 /* 时间处理 */,
				405528312021980800021A81 /* UI控件 */,
				405527FC202183FC00021A81 /* AFNetworking */,
				405527F82021833700021A81 /* 数据请求 */,
			);
			path = "自定义方法类";
			sourceTree = "<group>";
		};
		405527F82021833700021A81 /* 数据请求 */ = {
			isa = PBXGroup;
			children = (
				405527F92021836800021A81 /* RequsetClass.h */,
				405527FA2021836800021A81 /* RequsetClass.m */,
			);
			path = "数据请求";
			sourceTree = "<group>";
		};
		405527FC202183FC00021A81 /* AFNetworking */ = {
			isa = PBXGroup;
			children = (
				405527FD202183FC00021A81 /* LICENSE */,
				405527FE202183FC00021A81 /* README.md */,
				405527FF202183FC00021A81 /* UIKit+AFNetworking */,
				40552814202183FC00021A81 /* AFNetworking */,
			);
			path = AFNetworking;
			sourceTree = "<group>";
		};
		405527FF202183FC00021A81 /* UIKit+AFNetworking */ = {
			isa = PBXGroup;
			children = (
				40552800202183FC00021A81 /* UIProgressView+AFNetworking.m */,
				40552801202183FC00021A81 /* UIButton+AFNetworking.h */,
				40552802202183FC00021A81 /* UIRefreshControl+AFNetworking.m */,
				40552803202183FC00021A81 /* UIImageView+AFNetworking.h */,
				40552804202183FC00021A81 /* AFImageDownloader.h */,
				40552805202183FC00021A81 /* AFNetworkActivityIndicatorManager.m */,
				40552806202183FC00021A81 /* AFAutoPurgingImageCache.h */,
				40552807202183FC00021A81 /* UIWebView+AFNetworking.h */,
				40552808202183FC00021A81 /* UIActivityIndicatorView+AFNetworking.h */,
				40552809202183FC00021A81 /* UIImage+AFNetworking.h */,
				4055280A202183FC00021A81 /* UIProgressView+AFNetworking.h */,
				4055280B202183FC00021A81 /* UIImageView+AFNetworking.m */,
				4055280C202183FC00021A81 /* UIKit+AFNetworking.h */,
				4055280D202183FC00021A81 /* UIRefreshControl+AFNetworking.h */,
				4055280E202183FC00021A81 /* UIButton+AFNetworking.m */,
				4055280F202183FC00021A81 /* UIActivityIndicatorView+AFNetworking.m */,
				40552810202183FC00021A81 /* UIWebView+AFNetworking.m */,
				40552811202183FC00021A81 /* AFAutoPurgingImageCache.m */,
				40552812202183FC00021A81 /* AFNetworkActivityIndicatorManager.h */,
				40552813202183FC00021A81 /* AFImageDownloader.m */,
			);
			path = "UIKit+AFNetworking";
			sourceTree = "<group>";
		};
		40552814202183FC00021A81 /* AFNetworking */ = {
			isa = PBXGroup;
			children = (
				40552815202183FC00021A81 /* AFSecurityPolicy.h */,
				40552816202183FC00021A81 /* AFNetworkReachabilityManager.h */,
				40552817202183FC00021A81 /* AFURLSessionManager.h */,
				40552818202183FC00021A81 /* AFURLRequestSerialization.h */,
				40552819202183FC00021A81 /* AFURLResponseSerialization.m */,
				4055281A202183FC00021A81 /* AFHTTPSessionManager.m */,
				4055281B202183FC00021A81 /* AFURLResponseSerialization.h */,
				4055281C202183FC00021A81 /* AFURLSessionManager.m */,
				4055281D202183FC00021A81 /* AFURLRequestSerialization.m */,
				4055281E202183FC00021A81 /* AFNetworking.h */,
				4055281F202183FC00021A81 /* AFNetworkReachabilityManager.m */,
				40552820202183FC00021A81 /* AFSecurityPolicy.m */,
				40552821202183FC00021A81 /* AFHTTPSessionManager.h */,
			);
			path = AFNetworking;
			sourceTree = "<group>";
		};
		405528312021980800021A81 /* UI控件 */ = {
			isa = PBXGroup;
			children = (
				405A3A802021A25300333CA2 /* 时间选择器 */,
				405A3A7C202198CE00333CA2 /* UIControlClass.h */,
				405A3A7D202198CE00333CA2 /* UIControlClass.m */,
			);
			path = "UI控件";
			sourceTree = "<group>";
		};
		405A3A7F20219FAC00333CA2 /* 时间处理 */ = {
			isa = PBXGroup;
			children = (
				405527F52021650700021A81 /* TimeSetClass.h */,
				405527F62021650700021A81 /* TimeSetClass.m */,
			);
			path = "时间处理";
			sourceTree = "<group>";
		};
		405A3A802021A25300333CA2 /* 时间选择器 */ = {
			isa = PBXGroup;
			children = (
				405A3A862021A49E00333CA2 /* AMBlurView.h */,
				405A3A872021A49E00333CA2 /* AMBlurView.m */,
				405A3A832021A2F300333CA2 /* DateChoiceView.h */,
				405A3A842021A2F300333CA2 /* DateChoiceView.m */,
			);
			path = "时间选择器";
			sourceTree = "<group>";
		};
		405A3A892021ABAB00333CA2 /* 多菜单滑动视图 */ = {
			isa = PBXGroup;
			children = (
				405A3A8A2021AC3800333CA2 /* ManyMenuScrollView.h */,
				405A3A8B2021AC3800333CA2 /* ManyMenuScrollView.m */,
			);
			path = "多菜单滑动视图";
			sourceTree = "<group>";
		};
/* End PBXGroup section */

/* Begin PBXNativeTarget section */
		4028C0E4202156EA00678ED7 /* TestCommen */ = {
			isa = PBXNativeTarget;
			buildConfigurationList = 4028C111202156EB00678ED7 /* Build configuration list for PBXNativeTarget "TestCommen" */;
			buildPhases = (
				4028C0E1202156EA00678ED7 /* Sources */,
				4028C0E2202156EA00678ED7 /* Frameworks */,
				4028C0E3202156EA00678ED7 /* Resources */,
			);
			buildRules = (
			);
			dependencies = (
			);
			name = TestCommen;
			productName = TestCommen;
			productReference = 4028C0E5202156EA00678ED7 /* TestCommen.app */;
			productType = "com.apple.product-type.application";
		};
		4028C0FC202156EB00678ED7 /* TestCommenTests */ = {
			isa = PBXNativeTarget;
			buildConfigurationList = 4028C114202156EB00678ED7 /* Build configuration list for PBXNativeTarget "TestCommenTests" */;
			buildPhases = (
				4028C0F9202156EB00678ED7 /* Sources */,
				4028C0FA202156EB00678ED7 /* Frameworks */,
				4028C0FB202156EB00678ED7 /* Resources */,
			);
			buildRules = (
			);
			dependencies = (
				4028C0FF202156EB00678ED7 /* PBXTargetDependency */,
			);
			name = TestCommenTests;
			productName = TestCommenTests;
			productReference = 4028C0FD202156EB00678ED7 /* TestCommenTests.xctest */;
			productType = "com.apple.product-type.bundle.unit-test";
		};
		4028C107202156EB00678ED7 /* TestCommenUITests */ = {
			isa = PBXNativeTarget;
			buildConfigurationList = 4028C117202156EB00678ED7 /* Build configuration list for PBXNativeTarget "TestCommenUITests" */;
			buildPhases = (
				4028C104202156EB00678ED7 /* Sources */,
				4028C105202156EB00678ED7 /* Frameworks */,
				4028C106202156EB00678ED7 /* Resources */,
			);
			buildRules = (
			);
			dependencies = (
				4028C10A202156EB00678ED7 /* PBXTargetDependency */,
			);
			name = TestCommenUITests;
			productName = TestCommenUITests;
			productReference = 4028C108202156EB00678ED7 /* TestCommenUITests.xctest */;
			productType = "com.apple.product-type.bundle.ui-testing";
		};
/* End PBXNativeTarget section */

/* Begin PBXProject section */
		4028C0DD202156EA00678ED7 /* Project object */ = {
			isa = PBXProject;
			attributes = {
				LastUpgradeCheck = 0900;
				ORGANIZATIONNAME = XKXX;
				TargetAttributes = {
					4028C0E4202156EA00678ED7 = {
						CreatedOnToolsVersion = 9.0;
						ProvisioningStyle = Automatic;
					};
					4028C0FC202156EB00678ED7 = {
						CreatedOnToolsVersion = 9.0;
						ProvisioningStyle = Automatic;
						TestTargetID = 4028C0E4202156EA00678ED7;
					};
					4028C107202156EB00678ED7 = {
						CreatedOnToolsVersion = 9.0;
						ProvisioningStyle = Automatic;
						TestTargetID = 4028C0E4202156EA00678ED7;
					};
				};
			};
			buildConfigurationList = 4028C0E0202156EA00678ED7 /* Build configuration list for PBXProject "TestCommen" */;
			compatibilityVersion = "Xcode 8.0";
			developmentRegion = en;
			hasScannedForEncodings = 0;
			knownRegions = (
				en,
				Base,
			);
			mainGroup = 4028C0DC202156EA00678ED7;
			productRefGroup = 4028C0E6202156EA00678ED7 /* Products */;
			projectDirPath = "";
			projectRoot = "";
			targets = (
				4028C0E4202156EA00678ED7 /* TestCommen */,
				4028C0FC202156EB00678ED7 /* TestCommenTests */,
				4028C107202156EB00678ED7 /* TestCommenUITests */,
			);
		};
/* End PBXProject section */

/* Begin PBXResourcesBuildPhase section */
		4028C0E3202156EA00678ED7 /* Resources */ = {
			isa = PBXResourcesBuildPhase;
			buildActionMask = 2147483647;
			files = (
				4028C0F2202156EA00678ED7 /* Assets.xcassets in Resources */,
			);
			runOnlyForDeploymentPostprocessing = 0;
		};
		4028C0FB202156EB00678ED7 /* Resources */ = {
			isa = PBXResourcesBuildPhase;
			buildActionMask = 2147483647;
			files = (
			);
			runOnlyForDeploymentPostprocessing = 0;
		};
		4028C106202156EB00678ED7 /* Resources */ = {
			isa = PBXResourcesBuildPhase;
			buildActionMask = 2147483647;
			files = (
			);
			runOnlyForDeploymentPostprocessing = 0;
		};
/* End PBXResourcesBuildPhase section */

/* Begin PBXSourcesBuildPhase section */
		4028C0E1202156EA00678ED7 /* Sources */ = {
			isa = PBXSourcesBuildPhase;
			buildActionMask = 2147483647;
			files = (
				405A3A852021A48000333CA2 /* DateChoiceView.m in Sources */,
				405528222021912600021A81 /* UIProgressView+AFNetworking.m in Sources */,
				405528232021912600021A81 /* UIRefreshControl+AFNetworking.m in Sources */,
				405528242021912600021A81 /* AFNetworkActivityIndicatorManager.m in Sources */,
				405528252021912600021A81 /* UIImageView+AFNetworking.m in Sources */,
				405528262021912600021A81 /* UIButton+AFNetworking.m in Sources */,
				405A3A7E202198CE00333CA2 /* UIControlClass.m in Sources */,
				405528272021912600021A81 /* UIActivityIndicatorView+AFNetworking.m in Sources */,
				405528282021912600021A81 /* UIWebView+AFNetworking.m in Sources */,
				405528292021912600021A81 /* AFAutoPurgingImageCache.m in Sources */,
				4055282A2021912600021A81 /* AFImageDownloader.m in Sources */,
				4055282B2021912600021A81 /* AFURLResponseSerialization.m in Sources */,
				4055282C2021912600021A81 /* AFHTTPSessionManager.m in Sources */,
				4055282D2021912600021A81 /* AFURLSessionManager.m in Sources */,
				4055282E2021912600021A81 /* AFURLRequestSerialization.m in Sources */,
				405A3A8C2021AC3800333CA2 /* ManyMenuScrollView.m in Sources */,
				4055282F2021912600021A81 /* AFNetworkReachabilityManager.m in Sources */,
				405528302021912600021A81 /* AFSecurityPolicy.m in Sources */,
				4028C15B20215ED700678ED7 /* SDWebImageDecoder.m in Sources */,
				4028C15C20215ED700678ED7 /* UIImageView+HighlightedWebCache.m in Sources */,
				405527F72021650700021A81 /* TimeSetClass.m in Sources */,
				4028C15D20215ED700678ED7 /* SDWebImageDownloader.m in Sources */,
				4028C15E20215ED700678ED7 /* UIImage+MultiFormat.m in Sources */,
				4028C15F20215ED700678ED7 /* SDWebImageCompat.m in Sources */,
				4028C16020215ED700678ED7 /* SDWebImagePrefetcher.m in Sources */,
				405A3A882021A49E00333CA2 /* AMBlurView.m in Sources */,
				4028C16120215ED700678ED7 /* SDImageCache.m in Sources */,
				4028C16220215ED700678ED7 /* SDWebImageDownloaderOperation.m in Sources */,
				4028C16320215ED700678ED7 /* NSData+ImageContentType.m in Sources */,
				4028C16420215ED700678ED7 /* UIImageView+WebCache.m in Sources */,
				4028C16520215ED700678ED7 /* UIView+WebCacheOperation.m in Sources */,
				405527FB2021836800021A81 /* RequsetClass.m in Sources */,
				4028C16620215ED700678ED7 /* UIButton+WebCache.m in Sources */,
				4028C16720215ED700678ED7 /* UIView+SDExtension.m in Sources */,
				4028C16820215ED700678ED7 /* SDCollectionViewCell.m in Sources */,
				4028C16920215ED700678ED7 /* TADotView.m in Sources */,
				4028C16A20215ED700678ED7 /* TAAnimatedDotView.m in Sources */,
				4028C16B20215ED700678ED7 /* TAAbstractDotView.m in Sources */,
				4028C15A20215E9E00678ED7 /* TAPageControl.m in Sources */,
				4028C15920215E7C00678ED7 /* SDWebImageManager.m in Sources */,
				4028C13220215C7700678ED7 /* SDCycleScrollView.m in Sources */,
				4028C0ED202156EA00678ED7 /* ViewController.m in Sources */,
				4028C0F8202156EA00678ED7 /* main.m in Sources */,
				4028C0EA202156EA00678ED7 /* AppDelegate.m in Sources */,
			);
			runOnlyForDeploymentPostprocessing = 0;
		};
		4028C0F9202156EB00678ED7 /* Sources */ = {
			isa = PBXSourcesBuildPhase;
			buildActionMask = 2147483647;
			files = (
				4028C102202156EB00678ED7 /* TestCommenTests.m in Sources */,
			);
			runOnlyForDeploymentPostprocessing = 0;
		};
		4028C104202156EB00678ED7 /* Sources */ = {
			isa = PBXSourcesBuildPhase;
			buildActionMask = 2147483647;
			files = (
				4028C10D202156EB00678ED7 /* TestCommenUITests.m in Sources */,
			);
			runOnlyForDeploymentPostprocessing = 0;
		};
/* End PBXSourcesBuildPhase section */

/* Begin PBXTargetDependency section */
		4028C0FF202156EB00678ED7 /* PBXTargetDependency */ = {
			isa = PBXTargetDependency;
			target = 4028C0E4202156EA00678ED7 /* TestCommen */;
			targetProxy = 4028C0FE202156EB00678ED7 /* PBXContainerItemProxy */;
		};
		4028C10A202156EB00678ED7 /* PBXTargetDependency */ = {
			isa = PBXTargetDependency;
			target = 4028C0E4202156EA00678ED7 /* TestCommen */;
			targetProxy = 4028C109202156EB00678ED7 /* PBXContainerItemProxy */;
		};
/* End PBXTargetDependency section */

/* Begin XCBuildConfiguration section */
		4028C10F202156EB00678ED7 /* Debug */ = {
			isa = XCBuildConfiguration;
			buildSettings = {
				ALWAYS_SEARCH_USER_PATHS = NO;
				CLANG_ANALYZER_NONNULL = YES;
				CLANG_ANALYZER_NUMBER_OBJECT_CONVERSION = YES_AGGRESSIVE;
				CLANG_CXX_LANGUAGE_STANDARD = "gnu++14";
				CLANG_CXX_LIBRARY = "libc++";
				CLANG_ENABLE_MODULES = YES;
				CLANG_ENABLE_OBJC_ARC = YES;
				CLANG_WARN_BLOCK_CAPTURE_AUTORELEASING = YES;
				CLANG_WARN_BOOL_CONVERSION = YES;
				CLANG_WARN_COMMA = YES;
				CLANG_WARN_CONSTANT_CONVERSION = YES;
				CLANG_WARN_DIRECT_OBJC_ISA_USAGE = YES_ERROR;
				CLANG_WARN_DOCUMENTATION_COMMENTS = YES;
				CLANG_WARN_EMPTY_BODY = YES;
				CLANG_WARN_ENUM_CONVERSION = YES;
				CLANG_WARN_INFINITE_RECURSION = YES;
				CLANG_WARN_INT_CONVERSION = YES;
				CLANG_WARN_NON_LITERAL_NULL_CONVERSION = YES;
				CLANG_WARN_OBJC_LITERAL_CONVERSION = YES;
				CLANG_WARN_OBJC_ROOT_CLASS = YES_ERROR;
				CLANG_WARN_RANGE_LOOP_ANALYSIS = YES;
				CLANG_WARN_STRICT_PROTOTYPES = YES;
				CLANG_WARN_SUSPICIOUS_MOVE = YES;
				CLANG_WARN_UNGUARDED_AVAILABILITY = YES_AGGRESSIVE;
				CLANG_WARN_UNREACHABLE_CODE = YES;
				CLANG_WARN__DUPLICATE_METHOD_MATCH = YES;
				CODE_SIGN_IDENTITY = "iPhone Developer";
				COPY_PHASE_STRIP = NO;
				DEBUG_INFORMATION_FORMAT = dwarf;
				ENABLE_STRICT_OBJC_MSGSEND = YES;
				ENABLE_TESTABILITY = YES;
				GCC_C_LANGUAGE_STANDARD = gnu11;
				GCC_DYNAMIC_NO_PIC = NO;
				GCC_NO_COMMON_BLOCKS = YES;
				GCC_OPTIMIZATION_LEVEL = 0;
				GCC_PREPROCESSOR_DEFINITIONS = (
					"DEBUG=1",
					"$(inherited)",
				);
				GCC_WARN_64_TO_32_BIT_CONVERSION = YES;
				GCC_WARN_ABOUT_RETURN_TYPE = YES_ERROR;
				GCC_WARN_UNDECLARED_SELECTOR = YES;
				GCC_WARN_UNINITIALIZED_AUTOS = YES_AGGRESSIVE;
				GCC_WARN_UNUSED_FUNCTION = YES;
				GCC_WARN_UNUSED_VARIABLE = YES;
				IPHONEOS_DEPLOYMENT_TARGET = 11.0;
				MTL_ENABLE_DEBUG_INFO = YES;
				ONLY_ACTIVE_ARCH = YES;
				SDKROOT = iphoneos;
			};
			name = Debug;
		};
		4028C110202156EB00678ED7 /* Release */ = {
			isa = XCBuildConfiguration;
			buildSettings = {
				ALWAYS_SEARCH_USER_PATHS = NO;
				CLANG_ANALYZER_NONNULL = YES;
				CLANG_ANALYZER_NUMBER_OBJECT_CONVERSION = YES_AGGRESSIVE;
				CLANG_CXX_LANGUAGE_STANDARD = "gnu++14";
				CLANG_CXX_LIBRARY = "libc++";
				CLANG_ENABLE_MODULES = YES;
				CLANG_ENABLE_OBJC_ARC = YES;
				CLANG_WARN_BLOCK_CAPTURE_AUTORELEASING = YES;
				CLANG_WARN_BOOL_CONVERSION = YES;
				CLANG_WARN_COMMA = YES;
				CLANG_WARN_CONSTANT_CONVERSION = YES;
				CLANG_WARN_DIRECT_OBJC_ISA_USAGE = YES_ERROR;
				CLANG_WARN_DOCUMENTATION_COMMENTS = YES;
				CLANG_WARN_EMPTY_BODY = YES;
				CLANG_WARN_ENUM_CONVERSION = YES;
				CLANG_WARN_INFINITE_RECURSION = YES;
				CLANG_WARN_INT_CONVERSION = YES;
				CLANG_WARN_NON_LITERAL_NULL_CONVERSION = YES;
				CLANG_WARN_OBJC_LITERAL_CONVERSION = YES;
				CLANG_WARN_OBJC_ROOT_CLASS = YES_ERROR;
				CLANG_WARN_RANGE_LOOP_ANALYSIS = YES;
				CLANG_WARN_STRICT_PROTOTYPES = YES;
				CLANG_WARN_SUSPICIOUS_MOVE = YES;
				CLANG_WARN_UNGUARDED_AVAILABILITY = YES_AGGRESSIVE;
				CLANG_WARN_UNREACHABLE_CODE = YES;
				CLANG_WARN__DUPLICATE_METHOD_MATCH = YES;
				CODE_SIGN_IDENTITY = "iPhone Developer";
				COPY_PHASE_STRIP = NO;
				DEBUG_INFORMATION_FORMAT = "dwarf-with-dsym";
				ENABLE_NS_ASSERTIONS = NO;
				ENABLE_STRICT_OBJC_MSGSEND = YES;
				GCC_C_LANGUAGE_STANDARD = gnu11;
				GCC_NO_COMMON_BLOCKS = YES;
				GCC_WARN_64_TO_32_BIT_CONVERSION = YES;
				GCC_WARN_ABOUT_RETURN_TYPE = YES_ERROR;
				GCC_WARN_UNDECLARED_SELECTOR = YES;
				GCC_WARN_UNINITIALIZED_AUTOS = YES_AGGRESSIVE;
				GCC_WARN_UNUSED_FUNCTION = YES;
				GCC_WARN_UNUSED_VARIABLE = YES;
				IPHONEOS_DEPLOYMENT_TARGET = 11.0;
				MTL_ENABLE_DEBUG_INFO = NO;
				SDKROOT = iphoneos;
				VALIDATE_PRODUCT = YES;
			};
			name = Release;
		};
		4028C112202156EB00678ED7 /* Debug */ = {
			isa = XCBuildConfiguration;
			buildSettings = {
				ASSETCATALOG_COMPILER_APPICON_NAME = AppIcon;
				ASSETCATALOG_COMPILER_LAUNCHIMAGE_NAME = LaunchImage;
				"CODE_SIGN_IDENTITY[sdk=iphoneos*]" = "iPhone Developer";
				CODE_SIGN_STYLE = Automatic;
				DEVELOPMENT_TEAM = S2NV773379;
				GCC_PREFIX_HEADER = "$(SRCROOT)/TestCommen/Header.h";
				INFOPLIST_FILE = TestCommen/Info.plist;
				LD_RUNPATH_SEARCH_PATHS = "$(inherited) @executable_path/Frameworks";
				PRODUCT_BUNDLE_IDENTIFIER = com.xkyl.demo;
				PRODUCT_NAME = "$(TARGET_NAME)";
				PROVISIONING_PROFILE_SPECIFIER = "";
				TARGETED_DEVICE_FAMILY = "1,2";
				VALID_ARCHS = "arm64 armv7 armv7s";
			};
			name = Debug;
		};
		4028C113202156EB00678ED7 /* Release */ = {
			isa = XCBuildConfiguration;
			buildSettings = {
				ASSETCATALOG_COMPILER_APPICON_NAME = AppIcon;
				ASSETCATALOG_COMPILER_LAUNCHIMAGE_NAME = LaunchImage;
				"CODE_SIGN_IDENTITY[sdk=iphoneos*]" = "iPhone Developer";
				CODE_SIGN_STYLE = Automatic;
				DEVELOPMENT_TEAM = S2NV773379;
				GCC_PREFIX_HEADER = "$(SRCROOT)/TestCommen/Header.h";
				INFOPLIST_FILE = TestCommen/Info.plist;
				LD_RUNPATH_SEARCH_PATHS = "$(inherited) @executable_path/Frameworks";
				PRODUCT_BUNDLE_IDENTIFIER = com.xkyl.demo;
				PRODUCT_NAME = "$(TARGET_NAME)";
				PROVISIONING_PROFILE_SPECIFIER = "";
				TARGETED_DEVICE_FAMILY = "1,2";
				VALID_ARCHS = "arm64 armv7 armv7s";
			};
			name = Release;
		};
		4028C115202156EB00678ED7 /* Debug */ = {
			isa = XCBuildConfiguration;
			buildSettings = {
				BUNDLE_LOADER = "$(TEST_HOST)";
				CODE_SIGN_STYLE = Automatic;
				DEVELOPMENT_TEAM = 9X4UKBH9UL;
				INFOPLIST_FILE = TestCommenTests/Info.plist;
				LD_RUNPATH_SEARCH_PATHS = "$(inherited) @executable_path/Frameworks @loader_path/Frameworks";
				PRODUCT_BUNDLE_IDENTIFIER = phonemanager.ynnewcare.com.cn.TestCommenTests;
				PRODUCT_NAME = "$(TARGET_NAME)";
				TARGETED_DEVICE_FAMILY = "1,2";
				TEST_HOST = "$(BUILT_PRODUCTS_DIR)/TestCommen.app/TestCommen";
			};
			name = Debug;
		};
		4028C116202156EB00678ED7 /* Release */ = {
			isa = XCBuildConfiguration;
			buildSettings = {
				BUNDLE_LOADER = "$(TEST_HOST)";
				CODE_SIGN_STYLE = Automatic;
				DEVELOPMENT_TEAM = 9X4UKBH9UL;
				INFOPLIST_FILE = TestCommenTests/Info.plist;
				LD_RUNPATH_SEARCH_PATHS = "$(inherited) @executable_path/Frameworks @loader_path/Frameworks";
				PRODUCT_BUNDLE_IDENTIFIER = phonemanager.ynnewcare.com.cn.TestCommenTests;
				PRODUCT_NAME = "$(TARGET_NAME)";
				TARGETED_DEVICE_FAMILY = "1,2";
				TEST_HOST = "$(BUILT_PRODUCTS_DIR)/TestCommen.app/TestCommen";
			};
			name = Release;
		};
		4028C118202156EB00678ED7 /* Debug */ = {
			isa = XCBuildConfiguration;
			buildSettings = {
				CODE_SIGN_STYLE = Automatic;
				DEVELOPMENT_TEAM = 9X4UKBH9UL;
				INFOPLIST_FILE = TestCommenUITests/Info.plist;
				LD_RUNPATH_SEARCH_PATHS = "$(inherited) @executable_path/Frameworks @loader_path/Frameworks";
				PRODUCT_BUNDLE_IDENTIFIER = phonemanager.ynnewcare.com.cn.TestCommenUITests;
				PRODUCT_NAME = "$(TARGET_NAME)";
				TARGETED_DEVICE_FAMILY = "1,2";
				TEST_TARGET_NAME = TestCommen;
			};
			name = Debug;
		};
		4028C119202156EB00678ED7 /* Release */ = {
			isa = XCBuildConfiguration;
			buildSettings = {
				CODE_SIGN_STYLE = Automatic;
				DEVELOPMENT_TEAM = 9X4UKBH9UL;
				INFOPLIST_FILE = TestCommenUITests/Info.plist;
				LD_RUNPATH_SEARCH_PATHS = "$(inherited) @executable_path/Frameworks @loader_path/Frameworks";
				PRODUCT_BUNDLE_IDENTIFIER = phonemanager.ynnewcare.com.cn.TestCommenUITests;
				PRODUCT_NAME = "$(TARGET_NAME)";
				TARGETED_DEVICE_FAMILY = "1,2";
				TEST_TARGET_NAME = TestCommen;
			};
			name = Release;
		};
/* End XCBuildConfiguration section */

/* Begin XCConfigurationList section */
		4028C0E0202156EA00678ED7 /* Build configuration list for PBXProject "TestCommen" */ = {
			isa = XCConfigurationList;
			buildConfigurations = (
				4028C10F202156EB00678ED7 /* Debug */,
				4028C110202156EB00678ED7 /* Release */,
			);
			defaultConfigurationIsVisible = 0;
			defaultConfigurationName = Release;
		};
		4028C111202156EB00678ED7 /* Build configuration list for PBXNativeTarget "TestCommen" */ = {
			isa = XCConfigurationList;
			buildConfigurations = (
				4028C112202156EB00678ED7 /* Debug */,
				4028C113202156EB00678ED7 /* Release */,
			);
			defaultConfigurationIsVisible = 0;
			defaultConfigurationName = Release;
		};
		4028C114202156EB00678ED7 /* Build configuration list for PBXNativeTarget "TestCommenTests" */ = {
			isa = XCConfigurationList;
			buildConfigurations = (
				4028C115202156EB00678ED7 /* Debug */,
				4028C116202156EB00678ED7 /* Release */,
			);
			defaultConfigurationIsVisible = 0;
			defaultConfigurationName = Release;
		};
		4028C117202156EB00678ED7 /* Build configuration list for PBXNativeTarget "TestCommenUITests" */ = {
			isa = XCConfigurationList;
			buildConfigurations = (
				4028C118202156EB00678ED7 /* Debug */,
				4028C119202156EB00678ED7 /* Release */,
			);
			defaultConfigurationIsVisible = 0;
			defaultConfigurationName = Release;
		};
/* End XCConfigurationList section */
	};
	rootObject = 4028C0DD202156EA00678ED7 /* Project object */;
}
